
Microsoft Visual Studio Solution File, Format Version 12.00
# Visual Studio Version 17
VisualStudioVersion = 17.0.31903.59
MinimumVisualStudioVersion = 10.0.40219.1
Project("{2150E333-8FDC-42A3-9474-1A3956D46DE8}") = "src", "src", "{ADB393C2-876D-4547-A6BD-699760EFE972}"
EndProject
Project("{FAE04EC0-301F-11D3-BF4B-00C04F79EFBC}") = "LayoutValidator", "src\LayoutValidator\LayoutValidator.csproj", "{9DB539B6-D0AF-4764-BECB-4795E1656A47}"
EndProject
Project("{2150E333-8FDC-42A3-9474-1A3956D46DE8}") = "samples", "samples", "{1105E82A-CE7E-41E3-BD44-8AC75E79CD24}"
EndProject
Project("{FAE04EC0-301F-11D3-BF4B-00C04F79EFBC}") = "LayoutValidator.Sample", "samples\LayoutValidator.Sample\LayoutValidator.Sample.csproj", "{196030A9-C288-4FEB-9B6F-CC04548D6F85}"
EndProject
Project("{2150E333-8FDC-42A3-9474-1A3956D46DE8}") = "tests", "tests", "{2E6AEC00-A810-4C9A-8654-71489A47E3BE}"
EndProject
Project("{FAE04EC0-301F-11D3-BF4B-00C04F79EFBC}") = "LayoutValidator.Tests", "tests\LayoutValidator.Tests\LayoutValidator.Tests.csproj", "{A43D21FF-8040-4EDE-A1FB-CEE37FBB93B7}"
EndProject
Project("{2150E333-8FDC-42A3-9474-1A3956D46DE8}") = "apps", "apps", "{939CA144-8E0E-4E83-B947-E7099F9AAF1E}"
EndProject
Project("{FAE04EC0-301F-11D3-BF4B-00C04F79EFBC}") = "LayoutValidator.LayoutFuncionario", "apps\LayoutValidator.LayoutFuncionario\LayoutValidator.LayoutFuncionario.csproj", "{2A285885-A54D-421A-84F3-88FDCB0805DF}"
EndProject
Project("{FAE04EC0-301F-11D3-BF4B-00C04F79EFBC}") = "LayoutValidator.GeradorDados", "apps\LayoutValidator.GeradorDados\LayoutValidator.GeradorDados.csproj", "{E6440CAE-C4D5-4B81-A9C4-611BEA63134E}"
EndProject
Project("{FAE04EC0-301F-11D3-BF4B-00C04F79EFBC}") = "LayoutValidator.TesteApp", "apps\LayoutValidator.TesteApp\LayoutValidator.TesteApp.csproj", "{30553A65-0930-40B0-91A6-F8685A5F9F1F}"
EndProject
Global
	GlobalSection(SolutionConfigurationPlatforms) = preSolution
		Debug|Any CPU = Debug|Any CPU
		Release|Any CPU = Release|Any CPU
	EndGlobalSection
	GlobalSection(SolutionProperties) = preSolution
		HideSolutionNode = FALSE
	EndGlobalSection
	GlobalSection(ProjectConfigurationPlatforms) = postSolution
		{9DB539B6-D0AF-4764-BECB-4795E1656A47}.Debug|Any CPU.ActiveCfg = Debug|Any CPU
		{9DB539B6-D0AF-4764-BECB-4795E1656A47}.Debug|Any CPU.Build.0 = Debug|Any CPU
		{9DB539B6-D0AF-4764-BECB-4795E1656A47}.Release|Any CPU.ActiveCfg = Release|Any CPU
		{9DB539B6-D0AF-4764-BECB-4795E1656A47}.Release|Any CPU.Build.0 = Release|Any CPU
		{196030A9-C288-4FEB-9B6F-CC04548D6F85}.Debug|Any CPU.ActiveCfg = Debug|Any CPU
		{196030A9-C288-4FEB-9B6F-CC04548D6F85}.Debug|Any CPU.Build.0 = Debug|Any CPU
		{196030A9-C288-4FEB-9B6F-CC04548D6F85}.Release|Any CPU.ActiveCfg = Release|Any CPU
		{196030A9-C288-4FEB-9B6F-CC04548D6F85}.Release|Any CPU.Build.0 = Release|Any CPU
		{A43D21FF-8040-4EDE-A1FB-CEE37FBB93B7}.Debug|Any CPU.ActiveCfg = Debug|Any CPU
		{A43D21FF-8040-4EDE-A1FB-CEE37FBB93B7}.Debug|Any CPU.Build.0 = Debug|Any CPU
		{A43D21FF-8040-4EDE-A1FB-CEE37FBB93B7}.Release|Any CPU.ActiveCfg = Release|Any CPU
		{A43D21FF-8040-4EDE-A1FB-CEE37FBB93B7}.Release|Any CPU.Build.0 = Release|Any CPU
		{2A285885-A54D-421A-84F3-88FDCB0805DF}.Debug|Any CPU.ActiveCfg = Debug|Any CPU
		{2A285885-A54D-421A-84F3-88FDCB0805DF}.Debug|Any CPU.Build.0 = Debug|Any CPU
		{2A285885-A54D-421A-84F3-88FDCB0805DF}.Release|Any CPU.ActiveCfg = Release|Any CPU
		{2A285885-A54D-421A-84F3-88FDCB0805DF}.Release|Any CPU.Build.0 = Release|Any CPU
		{E6440CAE-C4D5-4B81-A9C4-611BEA63134E}.Debug|Any CPU.ActiveCfg = Debug|Any CPU
		{E6440CAE-C4D5-4B81-A9C4-611BEA63134E}.Debug|Any CPU.Build.0 = Debug|Any CPU
		{E6440CAE-C4D5-4B81-A9C4-611BEA63134E}.Release|Any CPU.ActiveCfg = Release|Any CPU
		{E6440CAE-C4D5-4B81-A9C4-611BEA63134E}.Release|Any CPU.Build.0 = Release|Any CPU
		{30553A65-0930-40B0-91A6-F8685A5F9F1F}.Debug|Any CPU.ActiveCfg = Debug|Any CPU
		{30553A65-0930-40B0-91A6-F8685A5F9F1F}.Debug|Any CPU.Build.0 = Debug|Any CPU
		{30553A65-0930-40B0-91A6-F8685A5F9F1F}.Release|Any CPU.ActiveCfg = Release|Any CPU
		{30553A65-0930-40B0-91A6-F8685A5F9F1F}.Release|Any CPU.Build.0 = Release|Any CPU
	EndGlobalSection
	GlobalSection(NestedProjects) = preSolution
		{9DB539B6-D0AF-4764-BECB-4795E1656A47} = {ADB393C2-876D-4547-A6BD-699760EFE972}
		{196030A9-C288-4FEB-9B6F-CC04548D6F85} = {1105E82A-CE7E-41E3-BD44-8AC75E79CD24}
		{A43D21FF-8040-4EDE-A1FB-CEE37FBB93B7} = {2E6AEC00-A810-4C9A-8654-71489A47E3BE}
		{2A285885-A54D-421A-84F3-88FDCB0805DF} = {939CA144-8E0E-4E83-B947-E7099F9AAF1E}
		{E6440CAE-C4D5-4B81-A9C4-611BEA63134E} = {939CA144-8E0E-4E83-B947-E7099F9AAF1E}
		{30553A65-0930-40B0-91A6-F8685A5F9F1F} = {939CA144-8E0E-4E83-B947-E7099F9AAF1E}
	EndGlobalSection
EndGlobal
